
Microsoft Visual Studio Solution File, Format Version 12.00
# Visual Studio Version 17
VisualStudioVersion = 17.4.33205.214
MinimumVisualStudioVersion = 10.0.40219.1
Project("{FAE04EC0-301F-11D3-BF4B-00C04F79EFBC}") = "Using GUID Code Examples", "Using GUID Code Examples\Using GUID Code Examples.csproj", "{7709CD15-587B-4CE7-8BB1-BC76B448325B}"
EndProject
Global
	GlobalSection(SolutionConfigurationPlatforms) = preSolution
		Debug|Any CPU = Debug|Any CPU
		Release|Any CPU = Release|Any CPU
	EndGlobalSection
	GlobalSection(ProjectConfigurationPlatforms) = postSolution
		{7709CD15-587B-4CE7-8BB1-BC76B448325B}.Debug|Any CPU.ActiveCfg = Debug|Any CPU
		{7709CD15-587B-4CE7-8BB1-BC76B448325B}.Debug|Any CPU.Build.0 = Debug|Any CPU
		{7709CD15-587B-4CE7-8BB1-BC76B448325B}.Release|Any CPU.ActiveCfg = Release|Any CPU
		{7709CD15-587B-4CE7-8BB1-BC76B448325B}.Release|Any CPU.Build.0 = Release|Any CPU
	EndGlobalSection
	GlobalSection(SolutionProperties) = preSolution
		HideSolutionNode = FALSE
	EndGlobalSection
	GlobalSection(ExtensibilityGlobals) = postSolution
		SolutionGuid = {197D0B3D-5CAF-4ACC-ACC8-172F80A4399D}
	EndGlobalSection
EndGlobal
